// !$*UTF8*$!
{
	archiveVersion = 1;
	classes = {
	};
	objectVersion = 56;
	objects = {

/* Begin PBXBuildFile section */
		100000000000000000000001 /* LandlineBlockerApp.swift in Sources */ = {isa = PBXBuildFile; fileRef = 200000000000000000000001 /* LandlineBlockerApp.swift */; };
		100000000000000000000002 /* ContentView.swift in Sources */ = {isa = PBXBuildFile; fileRef = 200000000000000000000002 /* ContentView.swift */; };
		100000000000000000000003 /* BlacklistViewModel.swift in Sources */ = {isa = PBXBuildFile; fileRef = 200000000000000000000003 /* BlacklistViewModel.swift */; };
		100000000000000000000004 /* OCRService.swift in Sources */ = {isa = PBXBuildFile; fileRef = 200000000000000000000004 /* OCRService.swift */; };
		100000000000000000000012 /* DebugDiagnosticsView.swift in Sources */ = {isa = PBXBuildFile; fileRef = 200000000000000000000013 /* DebugDiagnosticsView.swift */; };
		100000000000000000000005 /* CallDirectoryReloader.swift in Sources */ = {isa = PBXBuildFile; fileRef = 200000000000000000000005 /* CallDirectoryReloader.swift */; };
		100000000000000000000006 /* ShareExport.swift in Sources */ = {isa = PBXBuildFile; fileRef = 200000000000000000000006 /* ShareExport.swift */; };
		100000000000000000000007 /* SharedConfig.swift in Sources */ = {isa = PBXBuildFile; fileRef = 200000000000000000000007 /* SharedConfig.swift */; };
		100000000000000000000008 /* BlockedNumberRecord.swift in Sources */ = {isa = PBXBuildFile; fileRef = 200000000000000000000008 /* BlockedNumberRecord.swift */; };
		100000000000000000000009 /* NumberParser.swift in Sources */ = {isa = PBXBuildFile; fileRef = 200000000000000000000009 /* NumberParser.swift */; };
		10000000000000000000000A /* BlacklistStorage.swift in Sources */ = {isa = PBXBuildFile; fileRef = 20000000000000000000000A /* BlacklistStorage.swift */; };
		10000000000000000000000B /* CallDirectoryHandler.swift in Sources */ = {isa = PBXBuildFile; fileRef = 20000000000000000000000B /* CallDirectoryHandler.swift */; };
		10000000000000000000000C /* SharedConfig.swift in Sources */ = {isa = PBXBuildFile; fileRef = 200000000000000000000007 /* SharedConfig.swift */; };
		10000000000000000000000D /* BlockedNumberRecord.swift in Sources */ = {isa = PBXBuildFile; fileRef = 200000000000000000000008 /* BlockedNumberRecord.swift */; };
		10000000000000000000000E /* NumberParser.swift in Sources */ = {isa = PBXBuildFile; fileRef = 200000000000000000000009 /* NumberParser.swift */; };
		10000000000000000000000F /* BlacklistStorage.swift in Sources */ = {isa = PBXBuildFile; fileRef = 20000000000000000000000A /* BlacklistStorage.swift */; };
		100000000000000000000010 /* NumberParserTests.swift in Sources */ = {isa = PBXBuildFile; fileRef = 20000000000000000000000E /* NumberParserTests.swift */; };
		100000000000000000000011 /* LandlineBlockerCallDirectoryExtension.appex in Embed App Extensions */ = {isa = PBXBuildFile; fileRef = 200000000000000000000010 /* LandlineBlockerCallDirectoryExtension.appex */; settings = {ATTRIBUTES = (RemoveHeadersOnCopy, CodeSignOnCopy, ); }; };
		100000000000000000000013 /* PresentationStateTests.swift in Sources */ = {isa = PBXBuildFile; fileRef = 200000000000000000000014 /* PresentationStateTests.swift */; };
		100000000000000000000014 /* AppAppearance.swift in Sources */ = {isa = PBXBuildFile; fileRef = 200000000000000000000015 /* AppAppearance.swift */; };
		100000000000000000000015 /* PhoneNumberPresentation.swift in Sources */ = {isa = PBXBuildFile; fileRef = 200000000000000000000016 /* PhoneNumberPresentation.swift */; };
		100000000000000000000016 /* Assets.xcassets in Resources */ = {isa = PBXBuildFile; fileRef = 200000000000000000000017 /* Assets.xcassets */; };
/* End PBXBuildFile section */

/* Begin PBXContainerItemProxy section */
		300000000000000000000001 /* PBXContainerItemProxy */ = {
			isa = PBXContainerItemProxy;
			containerPortal = 400000000000000000000001 /* Project object */;
			proxyType = 1;
			remoteGlobalIDString = 500000000000000000000002;
			remoteInfo = LandlineBlockerCallDirectoryExtension;
		};
		300000000000000000000002 /* PBXContainerItemProxy */ = {
			isa = PBXContainerItemProxy;
			containerPortal = 400000000000000000000001 /* Project object */;
			proxyType = 1;
			remoteGlobalIDString = 500000000000000000000001;
			remoteInfo = LandlineBlocker;
		};
/* End PBXContainerItemProxy section */

/* Begin PBXCopyFilesBuildPhase section */
		600000000000000000000001 /* Embed App Extensions */ = {
			isa = PBXCopyFilesBuildPhase;
			buildActionMask = 2147483647;
			dstPath = "";
			dstSubfolderSpec = 13;
			files = (
				100000000000000000000011 /* LandlineBlockerCallDirectoryExtension.appex in Embed App Extensions */,
			);
			name = "Embed App Extensions";
			runOnlyForDeploymentPostprocessing = 0;
		};
/* End PBXCopyFilesBuildPhase section */

/* Begin PBXFileReference section */
		200000000000000000000001 /* LandlineBlockerApp.swift */ = {isa = PBXFileReference; lastKnownFileType = sourcecode.swift; path = LandlineBlockerApp.swift; sourceTree = "<group>"; };
		200000000000000000000002 /* ContentView.swift */ = {isa = PBXFileReference; lastKnownFileType = sourcecode.swift; path = ContentView.swift; sourceTree = "<group>"; };
		200000000000000000000003 /* BlacklistViewModel.swift */ = {isa = PBXFileReference; lastKnownFileType = sourcecode.swift; path = BlacklistViewModel.swift; sourceTree = "<group>"; };
		200000000000000000000004 /* OCRService.swift */ = {isa = PBXFileReference; lastKnownFileType = sourcecode.swift; path = OCRService.swift; sourceTree = "<group>"; };
		200000000000000000000013 /* DebugDiagnosticsView.swift */ = {isa = PBXFileReference; lastKnownFileType = sourcecode.swift; path = DebugDiagnosticsView.swift; sourceTree = "<group>"; };
		200000000000000000000005 /* CallDirectoryReloader.swift */ = {isa = PBXFileReference; lastKnownFileType = sourcecode.swift; path = CallDirectoryReloader.swift; sourceTree = "<group>"; };
		200000000000000000000006 /* ShareExport.swift */ = {isa = PBXFileReference; lastKnownFileType = sourcecode.swift; path = ShareExport.swift; sourceTree = "<group>"; };
		200000000000000000000007 /* SharedConfig.swift */ = {isa = PBXFileReference; lastKnownFileType = sourcecode.swift; path = SharedConfig.swift; sourceTree = "<group>"; };
		200000000000000000000008 /* BlockedNumberRecord.swift */ = {isa = PBXFileReference; lastKnownFileType = sourcecode.swift; path = BlockedNumberRecord.swift; sourceTree = "<group>"; };
		200000000000000000000009 /* NumberParser.swift */ = {isa = PBXFileReference; lastKnownFileType = sourcecode.swift; path = NumberParser.swift; sourceTree = "<group>"; };
		20000000000000000000000A /* BlacklistStorage.swift */ = {isa = PBXFileReference; lastKnownFileType = sourcecode.swift; path = BlacklistStorage.swift; sourceTree = "<group>"; };
		20000000000000000000000B /* CallDirectoryHandler.swift */ = {isa = PBXFileReference; lastKnownFileType = sourcecode.swift; path = CallDirectoryHandler.swift; sourceTree = "<group>"; };
		20000000000000000000000C /* Info.plist */ = {isa = PBXFileReference; lastKnownFileType = text.plist.xml; path = Info.plist; sourceTree = "<group>"; };
		20000000000000000000000D /* LandlineBlockerCallDirectoryExtension.entitlements */ = {isa = PBXFileReference; lastKnownFileType = text.plist.entitlements; path = LandlineBlockerCallDirectoryExtension.entitlements; sourceTree = "<group>"; };
		20000000000000000000000E /* NumberParserTests.swift */ = {isa = PBXFileReference; lastKnownFileType = sourcecode.swift; path = NumberParserTests.swift; sourceTree = "<group>"; };
		200000000000000000000014 /* PresentationStateTests.swift */ = {isa = PBXFileReference; lastKnownFileType = sourcecode.swift; path = PresentationStateTests.swift; sourceTree = "<group>"; };
		200000000000000000000015 /* AppAppearance.swift */ = {isa = PBXFileReference; lastKnownFileType = sourcecode.swift; path = AppAppearance.swift; sourceTree = "<group>"; };
		200000000000000000000016 /* PhoneNumberPresentation.swift */ = {isa = PBXFileReference; lastKnownFileType = sourcecode.swift; path = PhoneNumberPresentation.swift; sourceTree = "<group>"; };
		200000000000000000000017 /* Assets.xcassets */ = {isa = PBXFileReference; lastKnownFileType = folder.assetcatalog; path = Assets.xcassets; sourceTree = "<group>"; };
		20000000000000000000000F /* LandlineBlocker.app */ = {isa = PBXFileReference; explicitFileType = wrapper.application; includeInIndex = 0; path = LandlineBlocker.app; sourceTree = BUILT_PRODUCTS_DIR; };
		200000000000000000000010 /* LandlineBlockerCallDirectoryExtension.appex */ = {isa = PBXFileReference; explicitFileType = "wrapper.app-extension"; includeInIndex = 0; path = LandlineBlockerCallDirectoryExtension.appex; sourceTree = BUILT_PRODUCTS_DIR; };
		200000000000000000000011 /* LandlineBlockerTests.xctest */ = {isa = PBXFileReference; explicitFileType = wrapper.cfbundle; includeInIndex = 0; path = LandlineBlockerTests.xctest; sourceTree = BUILT_PRODUCTS_DIR; };
		200000000000000000000012 /* LandlineBlocker.entitlements */ = {isa = PBXFileReference; lastKnownFileType = text.plist.entitlements; path = LandlineBlocker.entitlements; sourceTree = "<group>"; };
/* End PBXFileReference section */

/* Begin PBXFrameworksBuildPhase section */
		700000000000000000000001 /* Frameworks */ = {
			isa = PBXFrameworksBuildPhase;
			buildActionMask = 2147483647;
			files = (
			);
			runOnlyForDeploymentPostprocessing = 0;
		};
		700000000000000000000002 /* Frameworks */ = {
			isa = PBXFrameworksBuildPhase;
			buildActionMask = 2147483647;
			files = (
			);
			runOnlyForDeploymentPostprocessing = 0;
		};
		700000000000000000000003 /* Frameworks */ = {
			isa = PBXFrameworksBuildPhase;
			buildActionMask = 2147483647;
			files = (
			);
			runOnlyForDeploymentPostprocessing = 0;
		};
/* End PBXFrameworksBuildPhase section */

/* Begin PBXGroup section */
		800000000000000000000001 = {
			isa = PBXGroup;
			children = (
				800000000000000000000002 /* LandlineBlocker */,
				800000000000000000000003 /* LandlineBlockerCallDirectoryExtension */,
				800000000000000000000004 /* Shared */,
				800000000000000000000005 /* LandlineBlockerTests */,
				800000000000000000000006 /* Products */,
			);
			sourceTree = "<group>";
		};
		800000000000000000000002 /* LandlineBlocker */ = {
			isa = PBXGroup;
			children = (
				200000000000000000000001 /* LandlineBlockerApp.swift */,
				200000000000000000000015 /* AppAppearance.swift */,
				200000000000000000000002 /* ContentView.swift */,
				200000000000000000000003 /* BlacklistViewModel.swift */,
				200000000000000000000016 /* PhoneNumberPresentation.swift */,
				200000000000000000000004 /* OCRService.swift */,
				200000000000000000000013 /* DebugDiagnosticsView.swift */,
				200000000000000000000005 /* CallDirectoryReloader.swift */,
				200000000000000000000006 /* ShareExport.swift */,
				200000000000000000000017 /* Assets.xcassets */,
				200000000000000000000012 /* LandlineBlocker.entitlements */,
			);
			path = LandlineBlocker;
			sourceTree = "<group>";
		};
		800000000000000000000003 /* LandlineBlockerCallDirectoryExtension */ = {
			isa = PBXGroup;
			children = (
				20000000000000000000000B /* CallDirectoryHandler.swift */,
				20000000000000000000000C /* Info.plist */,
				20000000000000000000000D /* LandlineBlockerCallDirectoryExtension.entitlements */,
			);
			path = LandlineBlockerCallDirectoryExtension;
			sourceTree = "<group>";
		};
		800000000000000000000004 /* Shared */ = {
			isa = PBXGroup;
			children = (
				200000000000000000000007 /* SharedConfig.swift */,
				200000000000000000000008 /* BlockedNumberRecord.swift */,
				200000000000000000000009 /* NumberParser.swift */,
				20000000000000000000000A /* BlacklistStorage.swift */,
			);
			path = Shared;
			sourceTree = "<group>";
		};
		800000000000000000000005 /* LandlineBlockerTests */ = {
			isa = PBXGroup;
			children = (
				20000000000000000000000E /* NumberParserTests.swift */,
				200000000000000000000014 /* PresentationStateTests.swift */,
			);
			path = LandlineBlockerTests;
			sourceTree = "<group>";
		};
		800000000000000000000006 /* Products */ = {
			isa = PBXGroup;
			children = (
				20000000000000000000000F /* LandlineBlocker.app */,
				200000000000000000000010 /* LandlineBlockerCallDirectoryExtension.appex */,
				200000000000000000000011 /* LandlineBlockerTests.xctest */,
			);
			name = Products;
			sourceTree = "<group>";
		};
/* End PBXGroup section */

/* Begin PBXNativeTarget section */
		500000000000000000000001 /* LandlineBlocker */ = {
			isa = PBXNativeTarget;
			buildConfigurationList = 900000000000000000000002 /* Build configuration list for PBXNativeTarget "LandlineBlocker" */;
			buildPhases = (
				A00000000000000000000001 /* Sources */,
				A00000000000000000000002 /* Frameworks */,
				A00000000000000000000003 /* Resources */,
				600000000000000000000001 /* Embed App Extensions */,
			);
			buildRules = (
			);
			dependencies = (
				B00000000000000000000001 /* PBXTargetDependency */,
			);
			name = LandlineBlocker;
			productName = LandlineBlocker;
			productReference = 20000000000000000000000F /* LandlineBlocker.app */;
			productType = "com.apple.product-type.application";
		};
		500000000000000000000002 /* LandlineBlockerCallDirectoryExtension */ = {
			isa = PBXNativeTarget;
			buildConfigurationList = 900000000000000000000003 /* Build configuration list for PBXNativeTarget "LandlineBlockerCallDirectoryExtension" */;
			buildPhases = (
				A00000000000000000000004 /* Sources */,
				A00000000000000000000005 /* Frameworks */,
				A00000000000000000000006 /* Resources */,
			);
			buildRules = (
			);
			dependencies = (
			);
			name = LandlineBlockerCallDirectoryExtension;
			productName = LandlineBlockerCallDirectoryExtension;
			productReference = 200000000000000000000010 /* LandlineBlockerCallDirectoryExtension.appex */;
			productType = "com.apple.product-type.app-extension";
		};
		500000000000000000000003 /* LandlineBlockerTests */ = {
			isa = PBXNativeTarget;
			buildConfigurationList = 900000000000000000000004 /* Build configuration list for PBXNativeTarget "LandlineBlockerTests" */;
			buildPhases = (
				A00000000000000000000007 /* Sources */,
				A00000000000000000000008 /* Frameworks */,
				A00000000000000000000009 /* Resources */,
			);
			buildRules = (
			);
			dependencies = (
				B00000000000000000000002 /* PBXTargetDependency */,
			);
			name = LandlineBlockerTests;
			productName = LandlineBlockerTests;
			productReference = 200000000000000000000011 /* LandlineBlockerTests.xctest */;
			productType = "com.apple.product-type.bundle.unit-test";
		};
/* End PBXNativeTarget section */

/* Begin PBXProject section */
		400000000000000000000001 /* Project object */ = {
			isa = PBXProject;
			attributes = {
				BuildIndependentTargetsInParallel = 1;
				LastSwiftUpdateCheck = 2630;
				LastUpgradeCheck = 2630;
				TargetAttributes = {
					500000000000000000000001 = {
						CreatedOnToolsVersion = 26.3;
					};
					500000000000000000000002 = {
						CreatedOnToolsVersion = 26.3;
					};
					500000000000000000000003 = {
						CreatedOnToolsVersion = 26.3;
						TestTargetID = 500000000000000000000001;
					};
				};
			};
			buildConfigurationList = 900000000000000000000001 /* Build configuration list for PBXProject "LandlineBlocker" */;
			compatibilityVersion = "Xcode 14.0";
			developmentRegion = en;
			hasScannedForEncodings = 0;
			knownRegions = (
				en,
				Base,
			);
			mainGroup = 800000000000000000000001;
			productRefGroup = 800000000000000000000006 /* Products */;
			projectDirPath = "";
			projectRoot = "";
			targets = (
				500000000000000000000001 /* LandlineBlocker */,
				500000000000000000000002 /* LandlineBlockerCallDirectoryExtension */,
				500000000000000000000003 /* LandlineBlockerTests */,
			);
		};
/* End PBXProject section */

/* Begin PBXResourcesBuildPhase section */
		A00000000000000000000003 /* Resources */ = {
			isa = PBXResourcesBuildPhase;
			buildActionMask = 2147483647;
			files = (
				100000000000000000000016 /* Assets.xcassets in Resources */,
			);
			runOnlyForDeploymentPostprocessing = 0;
		};
		A00000000000000000000006 /* Resources */ = {
			isa = PBXResourcesBuildPhase;
			buildActionMask = 2147483647;
			files = (
			);
			runOnlyForDeploymentPostprocessing = 0;
		};
		A00000000000000000000009 /* Resources */ = {
			isa = PBXResourcesBuildPhase;
			buildActionMask = 2147483647;
			files = (
			);
			runOnlyForDeploymentPostprocessing = 0;
		};
/* End PBXResourcesBuildPhase section */

/* Begin PBXSourcesBuildPhase section */
		A00000000000000000000001 /* Sources */ = {
			isa = PBXSourcesBuildPhase;
			buildActionMask = 2147483647;
			files = (
				100000000000000000000001 /* LandlineBlockerApp.swift in Sources */,
				100000000000000000000014 /* AppAppearance.swift in Sources */,
				100000000000000000000002 /* ContentView.swift in Sources */,
				100000000000000000000003 /* BlacklistViewModel.swift in Sources */,
				100000000000000000000015 /* PhoneNumberPresentation.swift in Sources */,
				100000000000000000000004 /* OCRService.swift in Sources */,
				100000000000000000000012 /* DebugDiagnosticsView.swift in Sources */,
				100000000000000000000005 /* CallDirectoryReloader.swift in Sources */,
				100000000000000000000006 /* ShareExport.swift in Sources */,
				100000000000000000000007 /* SharedConfig.swift in Sources */,
				100000000000000000000008 /* BlockedNumberRecord.swift in Sources */,
				100000000000000000000009 /* NumberParser.swift in Sources */,
				10000000000000000000000A /* BlacklistStorage.swift in Sources */,
			);
			runOnlyForDeploymentPostprocessing = 0;
		};
		A00000000000000000000004 /* Sources */ = {
			isa = PBXSourcesBuildPhase;
			buildActionMask = 2147483647;
			files = (
				10000000000000000000000B /* CallDirectoryHandler.swift in Sources */,
				10000000000000000000000C /* SharedConfig.swift in Sources */,
				10000000000000000000000D /* BlockedNumberRecord.swift in Sources */,
				10000000000000000000000E /* NumberParser.swift in Sources */,
				10000000000000000000000F /* BlacklistStorage.swift in Sources */,
			);
			runOnlyForDeploymentPostprocessing = 0;
		};
		A00000000000000000000007 /* Sources */ = {
			isa = PBXSourcesBuildPhase;
			buildActionMask = 2147483647;
			files = (
				100000000000000000000010 /* NumberParserTests.swift in Sources */,
				100000000000000000000013 /* PresentationStateTests.swift in Sources */,
			);
			runOnlyForDeploymentPostprocessing = 0;
		};
/* End PBXSourcesBuildPhase section */

/* Begin PBXTargetDependency section */
		B00000000000000000000001 /* PBXTargetDependency */ = {
			isa = PBXTargetDependency;
			target = 500000000000000000000002 /* LandlineBlockerCallDirectoryExtension */;
			targetProxy = 300000000000000000000001 /* PBXContainerItemProxy */;
		};
		B00000000000000000000002 /* PBXTargetDependency */ = {
			isa = PBXTargetDependency;
			target = 500000000000000000000001 /* LandlineBlocker */;
			targetProxy = 300000000000000000000002 /* PBXContainerItemProxy */;
		};
/* End PBXTargetDependency section */

/* Begin XCBuildConfiguration section */
		C000000000000000000000001 /* Debug */ = {
			isa = XCBuildConfiguration;
			buildSettings = {
				ALWAYS_SEARCH_USER_PATHS = NO;
				CLANG_ANALYZER_NONNULL = YES;
				CLANG_ANALYZER_NUMBER_OBJECT_CONVERSION = YES_AGGRESSIVE;
				CLANG_CXX_LANGUAGE_STANDARD = "gnu++20";
				CLANG_ENABLE_MODULES = YES;
				CLANG_ENABLE_OBJC_ARC = YES;
				CLANG_ENABLE_OBJC_WEAK = YES;
				CLANG_WARN_BLOCK_CAPTURE_AUTORELEASING = YES;
				CLANG_WARN_BOOL_CONVERSION = YES;
				CLANG_WARN_COMMA = YES;
				CLANG_WARN_CONSTANT_CONVERSION = YES;
				CLANG_WARN_DEPRECATED_OBJC_IMPLEMENTATIONS = YES;
				CLANG_WARN_DIRECT_OBJC_ISA_USAGE = YES_ERROR;
				CLANG_WARN_DOCUMENTATION_COMMENTS = YES;
				CLANG_WARN_EMPTY_BODY = YES;
				CLANG_WARN_ENUM_CONVERSION = YES;
				CLANG_WARN_INFINITE_RECURSION = YES;
				CLANG_WARN_INT_CONVERSION = YES;
				CLANG_WARN_NON_LITERAL_NULL_CONVERSION = YES;
				CLANG_WARN_OBJC_IMPLICIT_RETAIN_SELF = YES;
				CLANG_WARN_OBJC_LITERAL_CONVERSION = YES;
				CLANG_WARN_OBJC_ROOT_CLASS = YES_ERROR;
				CLANG_WARN_QUOTED_INCLUDE_IN_FRAMEWORK_HEADER = YES;
				CLANG_WARN_RANGE_LOOP_ANALYSIS = YES;
				CLANG_WARN_STRICT_PROTOTYPES = YES;
				CLANG_WARN_SUSPICIOUS_MOVE = YES;
				CLANG_WARN_UNGUARDED_AVAILABILITY = YES_AGGRESSIVE;
				CLANG_WARN_UNREACHABLE_CODE = YES;
				CLANG_WARN__DUPLICATE_METHOD_MATCH = YES;
				COPY_PHASE_STRIP = NO;
				DEBUG_INFORMATION_FORMAT = dwarf;
				ENABLE_STRICT_OBJC_MSGSEND = YES;
				ENABLE_TESTABILITY = YES;
				GCC_C_LANGUAGE_STANDARD = gnu17;
				GCC_DYNAMIC_NO_PIC = NO;
				GCC_NO_COMMON_BLOCKS = YES;
				GCC_OPTIMIZATION_LEVEL = 0;
				GCC_PREPROCESSOR_DEFINITIONS = (
					"DEBUG=1",
					"$(inherited)",
				);
				GCC_WARN_64_TO_32_BIT_CONVERSION = YES;
				GCC_WARN_ABOUT_RETURN_TYPE = YES_ERROR;
				GCC_WARN_UNDECLARED_SELECTOR = YES;
				GCC_WARN_UNINITIALIZED_AUTOS = YES_AGGRESSIVE;
				GCC_WARN_UNUSED_FUNCTION = YES;
				GCC_WARN_UNUSED_VARIABLE = YES;
				IPHONEOS_DEPLOYMENT_TARGET = 16.0;
				MTL_ENABLE_DEBUG_INFO = INCLUDE_SOURCE;
				MTL_FAST_MATH = YES;
				ONLY_ACTIVE_ARCH = YES;
				SDKROOT = iphoneos;
				SWIFT_ACTIVE_COMPILATION_CONDITIONS = DEBUG;
				SWIFT_OPTIMIZATION_LEVEL = "-Onone";
			};
			name = Debug;
		};
		C000000000000000000000002 /* Release */ = {
			isa = XCBuildConfiguration;
			buildSettings = {
				ALWAYS_SEARCH_USER_PATHS = NO;
				CLANG_ANALYZER_NONNULL = YES;
				CLANG_ANALYZER_NUMBER_OBJECT_CONVERSION = YES_AGGRESSIVE;
				CLANG_CXX_LANGUAGE_STANDARD = "gnu++20";
				CLANG_ENABLE_MODULES = YES;
				CLANG_ENABLE_OBJC_ARC = YES;
				CLANG_ENABLE_OBJC_WEAK = YES;
				CLANG_WARN_BLOCK_CAPTURE_AUTORELEASING = YES;
				CLANG_WARN_BOOL_CONVERSION = YES;
				CLANG_WARN_COMMA = YES;
				CLANG_WARN_CONSTANT_CONVERSION = YES;
				CLANG_WARN_DEPRECATED_OBJC_IMPLEMENTATIONS = YES;
				CLANG_WARN_DIRECT_OBJC_ISA_USAGE = YES_ERROR;
				CLANG_WARN_DOCUMENTATION_COMMENTS = YES;
				CLANG_WARN_EMPTY_BODY = YES;
				CLANG_WARN_ENUM_CONVERSION = YES;
				CLANG_WARN_INFINITE_RECURSION = YES;
				CLANG_WARN_INT_CONVERSION = YES;
				CLANG_WARN_NON_LITERAL_NULL_CONVERSION = YES;
				CLANG_WARN_OBJC_IMPLICIT_RETAIN_SELF = YES;
				CLANG_WARN_OBJC_LITERAL_CONVERSION = YES;
				CLANG_WARN_OBJC_ROOT_CLASS = YES_ERROR;
				CLANG_WARN_QUOTED_INCLUDE_IN_FRAMEWORK_HEADER = YES;
				CLANG_WARN_RANGE_LOOP_ANALYSIS = YES;
				CLANG_WARN_STRICT_PROTOTYPES = YES;
				CLANG_WARN_SUSPICIOUS_MOVE = YES;
				CLANG_WARN_UNGUARDED_AVAILABILITY = YES_AGGRESSIVE;
				CLANG_WARN_UNREACHABLE_CODE = YES;
				CLANG_WARN__DUPLICATE_METHOD_MATCH = YES;
				COPY_PHASE_STRIP = NO;
				DEBUG_INFORMATION_FORMAT = "dwarf-with-dsym";
				ENABLE_NS_ASSERTIONS = NO;
				ENABLE_STRICT_OBJC_MSGSEND = YES;
				GCC_C_LANGUAGE_STANDARD = gnu17;
				GCC_NO_COMMON_BLOCKS = YES;
				GCC_WARN_64_TO_32_BIT_CONVERSION = YES;
				GCC_WARN_ABOUT_RETURN_TYPE = YES_ERROR;
				GCC_WARN_UNDECLARED_SELECTOR = YES;
				GCC_WARN_UNINITIALIZED_AUTOS = YES_AGGRESSIVE;
				GCC_WARN_UNUSED_FUNCTION = YES;
				GCC_WARN_UNUSED_VARIABLE = YES;
				IPHONEOS_DEPLOYMENT_TARGET = 16.0;
				MTL_ENABLE_DEBUG_INFO = NO;
				MTL_FAST_MATH = YES;
				SDKROOT = iphoneos;
				SWIFT_COMPILATION_MODE = wholemodule;
				SWIFT_OPTIMIZATION_LEVEL = "-O";
				VALIDATE_PRODUCT = YES;
			};
			name = Release;
		};
		C000000000000000000000003 /* Debug */ = {
			isa = XCBuildConfiguration;
			buildSettings = {
				ASSETCATALOG_COMPILER_APPICON_NAME = AppIcon;
				CODE_SIGN_ENTITLEMENTS = LandlineBlocker/LandlineBlocker.entitlements;
				CODE_SIGN_STYLE = Automatic;
				CURRENT_PROJECT_VERSION = 1;
				ENABLE_PREVIEWS = YES;
				GENERATE_INFOPLIST_FILE = YES;
				INFOPLIST_KEY_CFBundleDisplayName = LandlineBlocker;
				INFOPLIST_KEY_LSApplicationCategoryType = "public.app-category.utilities";
				INFOPLIST_KEY_UIApplicationSceneManifest_Generation = YES;
				INFOPLIST_KEY_UIApplicationSupportsIndirectInputEvents = YES;
				INFOPLIST_KEY_UILaunchScreen_Generation = YES;
				INFOPLIST_KEY_UISupportedInterfaceOrientations_iPad = "UIInterfaceOrientationPortrait UIInterfaceOrientationPortraitUpsideDown UIInterfaceOrientationLandscapeLeft UIInterfaceOrientationLandscapeRight";
				INFOPLIST_KEY_UISupportedInterfaceOrientations_iPhone = "UIInterfaceOrientationPortrait UIInterfaceOrientationLandscapeLeft UIInterfaceOrientationLandscapeRight";
				IPHONEOS_DEPLOYMENT_TARGET = 16.0;
				LD_RUNPATH_SEARCH_PATHS = "$(inherited) @executable_path/Frameworks";
				MARKETING_VERSION = 1.0;
				PRODUCT_BUNDLE_IDENTIFIER = com.vibecoding.LandlineBlocker;
				PRODUCT_NAME = "$(TARGET_NAME)";
				SWIFT_EMIT_LOC_STRINGS = YES;
				SWIFT_VERSION = 5.0;
				TARGETED_DEVICE_FAMILY = "1,2";
			};
			name = Debug;
		};
		C000000000000000000000004 /* Release */ = {
			isa = XCBuildConfiguration;
			buildSettings = {
				ASSETCATALOG_COMPILER_APPICON_NAME = AppIcon;
				CODE_SIGN_ENTITLEMENTS = LandlineBlocker/LandlineBlocker.entitlements;
				CODE_SIGN_STYLE = Automatic;
				CURRENT_PROJECT_VERSION = 1;
				ENABLE_PREVIEWS = YES;
				GENERATE_INFOPLIST_FILE = YES;
				INFOPLIST_KEY_CFBundleDisplayName = LandlineBlocker;
				INFOPLIST_KEY_LSApplicationCategoryType = "public.app-category.utilities";
				INFOPLIST_KEY_UIApplicationSceneManifest_Generation = YES;
				INFOPLIST_KEY_UIApplicationSupportsIndirectInputEvents = YES;
				INFOPLIST_KEY_UILaunchScreen_Generation = YES;
				INFOPLIST_KEY_UISupportedInterfaceOrientations_iPad = "UIInterfaceOrientationPortrait UIInterfaceOrientationPortraitUpsideDown UIInterfaceOrientationLandscapeLeft UIInterfaceOrientationLandscapeRight";
				INFOPLIST_KEY_UISupportedInterfaceOrientations_iPhone = "UIInterfaceOrientationPortrait UIInterfaceOrientationLandscapeLeft UIInterfaceOrientationLandscapeRight";
				IPHONEOS_DEPLOYMENT_TARGET = 16.0;
				LD_RUNPATH_SEARCH_PATHS = "$(inherited) @executable_path/Frameworks";
				MARKETING_VERSION = 1.0;
				PRODUCT_BUNDLE_IDENTIFIER = com.vibecoding.LandlineBlocker;
				PRODUCT_NAME = "$(TARGET_NAME)";
				SWIFT_EMIT_LOC_STRINGS = YES;
				SWIFT_VERSION = 5.0;
				TARGETED_DEVICE_FAMILY = "1,2";
			};
			name = Release;
		};
		C000000000000000000000005 /* Debug */ = {
			isa = XCBuildConfiguration;
			buildSettings = {
				APPLICATION_EXTENSION_API_ONLY = YES;
				CODE_SIGN_ENTITLEMENTS = LandlineBlockerCallDirectoryExtension/LandlineBlockerCallDirectoryExtension.entitlements;
				CODE_SIGN_STYLE = Automatic;
				CURRENT_PROJECT_VERSION = 1;
				ENABLE_PREVIEWS = YES;
				INFOPLIST_FILE = LandlineBlockerCallDirectoryExtension/Info.plist;
				IPHONEOS_DEPLOYMENT_TARGET = 16.0;
				LD_RUNPATH_SEARCH_PATHS = "$(inherited) @executable_path/Frameworks @executable_path/../../Frameworks";
				MARKETING_VERSION = 1.0;
				PRODUCT_BUNDLE_IDENTIFIER = com.vibecoding.LandlineBlocker.CallDirectoryExtension;
				PRODUCT_NAME = "$(TARGET_NAME)";
				SKIP_INSTALL = YES;
				SWIFT_EMIT_LOC_STRINGS = YES;
				SWIFT_VERSION = 5.0;
				TARGETED_DEVICE_FAMILY = "1,2";
			};
			name = Debug;
		};
		C000000000000000000000006 /* Release */ = {
			isa = XCBuildConfiguration;
			buildSettings = {
				APPLICATION_EXTENSION_API_ONLY = YES;
				CODE_SIGN_ENTITLEMENTS = LandlineBlockerCallDirectoryExtension/LandlineBlockerCallDirectoryExtension.entitlements;
				CODE_SIGN_STYLE = Automatic;
				CURRENT_PROJECT_VERSION = 1;
				ENABLE_PREVIEWS = YES;
				INFOPLIST_FILE = LandlineBlockerCallDirectoryExtension/Info.plist;
				IPHONEOS_DEPLOYMENT_TARGET = 16.0;
				LD_RUNPATH_SEARCH_PATHS = "$(inherited) @executable_path/Frameworks @executable_path/../../Frameworks";
				MARKETING_VERSION = 1.0;
				PRODUCT_BUNDLE_IDENTIFIER = com.vibecoding.LandlineBlocker.CallDirectoryExtension;
				PRODUCT_NAME = "$(TARGET_NAME)";
				SKIP_INSTALL = YES;
				SWIFT_EMIT_LOC_STRINGS = YES;
				SWIFT_VERSION = 5.0;
				TARGETED_DEVICE_FAMILY = "1,2";
			};
			name = Release;
		};
		C000000000000000000000007 /* Debug */ = {
			isa = XCBuildConfiguration;
			buildSettings = {
				BUNDLE_LOADER = "$(TEST_HOST)";
				CODE_SIGN_STYLE = Automatic;
				CURRENT_PROJECT_VERSION = 1;
				GENERATE_INFOPLIST_FILE = YES;
				IPHONEOS_DEPLOYMENT_TARGET = 16.0;
				LD_RUNPATH_SEARCH_PATHS = "$(inherited) @executable_path/Frameworks @loader_path/Frameworks";
				MARKETING_VERSION = 1.0;
				PRODUCT_BUNDLE_IDENTIFIER = com.vibecoding.LandlineBlockerTests;
				PRODUCT_NAME = "$(TARGET_NAME)";
				SKIP_INSTALL = YES;
				SWIFT_EMIT_LOC_STRINGS = YES;
				SWIFT_VERSION = 5.0;
				TARGETED_DEVICE_FAMILY = "1,2";
				TEST_HOST = "$(BUILT_PRODUCTS_DIR)/LandlineBlocker.app/$(BUNDLE_EXECUTABLE_FOLDER_PATH)/LandlineBlocker";
			};
			name = Debug;
		};
		C000000000000000000000008 /* Release */ = {
			isa = XCBuildConfiguration;
			buildSettings = {
				BUNDLE_LOADER = "$(TEST_HOST)";
				CODE_SIGN_STYLE = Automatic;
				CURRENT_PROJECT_VERSION = 1;
				GENERATE_INFOPLIST_FILE = YES;
				IPHONEOS_DEPLOYMENT_TARGET = 16.0;
				LD_RUNPATH_SEARCH_PATHS = "$(inherited) @executable_path/Frameworks @loader_path/Frameworks";
				MARKETING_VERSION = 1.0;
				PRODUCT_BUNDLE_IDENTIFIER = com.vibecoding.LandlineBlockerTests;
				PRODUCT_NAME = "$(TARGET_NAME)";
				SKIP_INSTALL = YES;
				SWIFT_EMIT_LOC_STRINGS = YES;
				SWIFT_VERSION = 5.0;
				TARGETED_DEVICE_FAMILY = "1,2";
				TEST_HOST = "$(BUILT_PRODUCTS_DIR)/LandlineBlocker.app/$(BUNDLE_EXECUTABLE_FOLDER_PATH)/LandlineBlocker";
			};
			name = Release;
		};
/* End XCBuildConfiguration section */

/* Begin XCConfigurationList section */
		900000000000000000000001 /* Build configuration list for PBXProject "LandlineBlocker" */ = {
			isa = XCConfigurationList;
			buildConfigurations = (
				C000000000000000000000001 /* Debug */,
				C000000000000000000000002 /* Release */,
			);
			defaultConfigurationIsVisible = 0;
			defaultConfigurationName = Release;
		};
		900000000000000000000002 /* Build configuration list for PBXNativeTarget "LandlineBlocker" */ = {
			isa = XCConfigurationList;
			buildConfigurations = (
				C000000000000000000000003 /* Debug */,
				C000000000000000000000004 /* Release */,
			);
			defaultConfigurationIsVisible = 0;
			defaultConfigurationName = Release;
		};
		900000000000000000000003 /* Build configuration list for PBXNativeTarget "LandlineBlockerCallDirectoryExtension" */ = {
			isa = XCConfigurationList;
			buildConfigurations = (
				C000000000000000000000005 /* Debug */,
				C000000000000000000000006 /* Release */,
			);
			defaultConfigurationIsVisible = 0;
			defaultConfigurationName = Release;
		};
		900000000000000000000004 /* Build configuration list for PBXNativeTarget "LandlineBlockerTests" */ = {
			isa = XCConfigurationList;
			buildConfigurations = (
				C000000000000000000000007 /* Debug */,
				C000000000000000000000008 /* Release */,
			);
			defaultConfigurationIsVisible = 0;
			defaultConfigurationName = Release;
		};
/* End XCConfigurationList section */
	};
	rootObject = 400000000000000000000001 /* Project object */;
}
